{
  "pins" : [
    {
      "identity" : "alamofire",
      "kind" : "remoteSourceControl",
      "location" : "https://github.com/Alamofire/Alamofire.git",
      "state" : {
        "revision" : "8dd85aee02e39dd280c75eef88ffdb86eed4b07b",
        "version" : "5.6.2"
      }
    },
    {
      "identity" : "alertkit",
      "kind" : "remoteSourceControl",
      "location" : "https://github.com/rebeloper/AlertKit.git",
      "state" : {
        "revision" : "be3d9f6ca6ff5962057634795c9335b14b16ebdc",
        "version" : "0.2.0"
      }
    },
    {
      "identity" : "keychain-swift",
      "kind" : "remoteSourceControl",
      "location" : "https://github.com/evgenyneu/keychain-swift.git",
      "state" : {
        "revision" : "d108a1fa6189e661f91560548ef48651ed8d93b9",
        "version" : "20.0.0"
      }
    },
    {
      "identity" : "realhttp",
      "kind" : "remoteSourceControl",
      "location" : "https://github.com/immobiliare/RealHTTP",
      "state" : {
        "revision" : "090e711429ce7b9ea2520a5d296eb9d550767886",
        "version" : "1.7.4"
      }
    }
  ],
  "version" : 2
}
